
Microsoft Visual Studio Solution File, Format Version 12.00
# Visual Studio Version 16
VisualStudioVersion = 16.0.29123.88
MinimumVisualStudioVersion = 10.0.40219.1
Project("{9A19103F-16F7-4668-BE54-9A1E7A4F7556}") = "Techtalk.FM.API", "src\Techtalk.FM.API\Techtalk.FM.API.csproj", "{BE9DA3FB-846C-4023-9DBB-5330A1766A63}"
EndProject
Project("{2150E333-8FDC-42A3-9474-1A3956D46DE8}") = "src", "src", "{735A74DB-6D27-4F1D-9B72-59EE77ED895C}"
EndProject
Project("{2150E333-8FDC-42A3-9474-1A3956D46DE8}") = "_solution items", "_solution items", "{0CF957FA-6D08-4EB8-A3AA-1B9D4703E91C}"
	ProjectSection(SolutionItems) = preProject
		.gitignore = .gitignore
		Techtalk.FM.postman_collection.json = Techtalk.FM.postman_collection.json
	EndProjectSection
EndProject
Project("{2150E333-8FDC-42A3-9474-1A3956D46DE8}") = "test", "test", "{7BB64CAF-F556-465A-B5F5-2EFD08BB60A3}"
EndProject
Project("{9A19103F-16F7-4668-BE54-9A1E7A4F7556}") = "Techtalk.FM.Domain", "src\Techtalk.FM.Domain\Techtalk.FM.Domain.csproj", "{DB1DDC34-EA26-417D-BF18-18B4D8071F84}"
EndProject
Project("{9A19103F-16F7-4668-BE54-9A1E7A4F7556}") = "Techtalk.FM.Infra", "src\Techtalk.FM.Infra\Techtalk.FM.Infra.csproj", "{19037756-1706-4ABB-B915-7447378315C8}"
EndProject
Project("{9A19103F-16F7-4668-BE54-9A1E7A4F7556}") = "Techtalk.FM.Test", "test\Techtalk.FM.Test\Techtalk.FM.Test.csproj", "{9DDAB0C0-41B1-44FF-A594-4FE84B2E1E34}"
EndProject
Project("{2150E333-8FDC-42A3-9474-1A3956D46DE8}") = "console", "console", "{5D55648B-F688-439F-B82F-C0DB0B2EAB7B}"
EndProject
Project("{9A19103F-16F7-4668-BE54-9A1E7A4F7556}") = "Techtalk.FM.Console", "console\Techtalk.FM.Console\Techtalk.FM.Console.csproj", "{F427DFFF-3D0B-4203-83BC-76DA84A6E55E}"
EndProject
Project("{FAE04EC0-301F-11D3-BF4B-00C04F79EFBC}") = "Techtalk.FM.IoC", "src\Techtalk.FM.IoC\Techtalk.FM.IoC.csproj", "{2931F107-6269-4126-A912-798450ABB581}"
EndProject
Global
	GlobalSection(SolutionConfigurationPlatforms) = preSolution
		Debug|Any CPU = Debug|Any CPU
		Release|Any CPU = Release|Any CPU
	EndGlobalSection
	GlobalSection(ProjectConfigurationPlatforms) = postSolution
		{BE9DA3FB-846C-4023-9DBB-5330A1766A63}.Debug|Any CPU.ActiveCfg = Debug|Any CPU
		{BE9DA3FB-846C-4023-9DBB-5330A1766A63}.Debug|Any CPU.Build.0 = Debug|Any CPU
		{BE9DA3FB-846C-4023-9DBB-5330A1766A63}.Release|Any CPU.ActiveCfg = Release|Any CPU
		{BE9DA3FB-846C-4023-9DBB-5330A1766A63}.Release|Any CPU.Build.0 = Release|Any CPU
		{DB1DDC34-EA26-417D-BF18-18B4D8071F84}.Debug|Any CPU.ActiveCfg = Debug|Any CPU
		{DB1DDC34-EA26-417D-BF18-18B4D8071F84}.Debug|Any CPU.Build.0 = Debug|Any CPU
		{DB1DDC34-EA26-417D-BF18-18B4D8071F84}.Release|Any CPU.ActiveCfg = Release|Any CPU
		{DB1DDC34-EA26-417D-BF18-18B4D8071F84}.Release|Any CPU.Build.0 = Release|Any CPU
		{19037756-1706-4ABB-B915-7447378315C8}.Debug|Any CPU.ActiveCfg = Debug|Any CPU
		{19037756-1706-4ABB-B915-7447378315C8}.Debug|Any CPU.Build.0 = Debug|Any CPU
		{19037756-1706-4ABB-B915-7447378315C8}.Release|Any CPU.ActiveCfg = Release|Any CPU
		{19037756-1706-4ABB-B915-7447378315C8}.Release|Any CPU.Build.0 = Release|Any CPU
		{9DDAB0C0-41B1-44FF-A594-4FE84B2E1E34}.Debug|Any CPU.ActiveCfg = Debug|Any CPU
		{9DDAB0C0-41B1-44FF-A594-4FE84B2E1E34}.Debug|Any CPU.Build.0 = Debug|Any CPU
		{9DDAB0C0-41B1-44FF-A594-4FE84B2E1E34}.Release|Any CPU.ActiveCfg = Release|Any CPU
		{9DDAB0C0-41B1-44FF-A594-4FE84B2E1E34}.Release|Any CPU.Build.0 = Release|Any CPU
		{F427DFFF-3D0B-4203-83BC-76DA84A6E55E}.Debug|Any CPU.ActiveCfg = Debug|Any CPU
		{F427DFFF-3D0B-4203-83BC-76DA84A6E55E}.Debug|Any CPU.Build.0 = Debug|Any CPU
		{F427DFFF-3D0B-4203-83BC-76DA84A6E55E}.Release|Any CPU.ActiveCfg = Release|Any CPU
		{F427DFFF-3D0B-4203-83BC-76DA84A6E55E}.Release|Any CPU.Build.0 = Release|Any CPU
		{2931F107-6269-4126-A912-798450ABB581}.Debug|Any CPU.ActiveCfg = Debug|Any CPU
		{2931F107-6269-4126-A912-798450ABB581}.Debug|Any CPU.Build.0 = Debug|Any CPU
		{2931F107-6269-4126-A912-798450ABB581}.Release|Any CPU.ActiveCfg = Release|Any CPU
		{2931F107-6269-4126-A912-798450ABB581}.Release|Any CPU.Build.0 = Release|Any CPU
	EndGlobalSection
	GlobalSection(SolutionProperties) = preSolution
		HideSolutionNode = FALSE
	EndGlobalSection
	GlobalSection(NestedProjects) = preSolution
		{BE9DA3FB-846C-4023-9DBB-5330A1766A63} = {735A74DB-6D27-4F1D-9B72-59EE77ED895C}
		{DB1DDC34-EA26-417D-BF18-18B4D8071F84} = {735A74DB-6D27-4F1D-9B72-59EE77ED895C}
		{19037756-1706-4ABB-B915-7447378315C8} = {735A74DB-6D27-4F1D-9B72-59EE77ED895C}
		{9DDAB0C0-41B1-44FF-A594-4FE84B2E1E34} = {7BB64CAF-F556-465A-B5F5-2EFD08BB60A3}
		{F427DFFF-3D0B-4203-83BC-76DA84A6E55E} = {5D55648B-F688-439F-B82F-C0DB0B2EAB7B}
		{2931F107-6269-4126-A912-798450ABB581} = {735A74DB-6D27-4F1D-9B72-59EE77ED895C}
	EndGlobalSection
	GlobalSection(ExtensibilityGlobals) = postSolution
		SolutionGuid = {784ABA30-F9C1-44BE-A1DD-2AD3BA4D3F3F}
	EndGlobalSection
EndGlobal
